Microsoft Visual Studio Solution File, Format Version 11.00
# Visual Studio 2008

Project("{509F7FAC-5792-A9B1-765E-0879A403F3E6}") = "cardboard-deconstructed", "Assembly-CSharp.csproj", "{472AD58E-B747-9140-A693-28CAAD40A9C4}"
EndProject
Project("{509F7FAC-5792-A9B1-765E-0879A403F3E6}") = "cardboard-deconstructed", "Assembly-CSharp-Editor.csproj", "{4F9F06E0-B874-899F-9B1B-816D35DC7A7C}"
EndProject
Global
	GlobalSection(SolutionConfigurationPlatforms) = preSolution
		Debug|Any CPU = Debug|Any CPU
		Release|Any CPU = Release|Any CPU
	EndGlobalSection
	GlobalSection(ProjectConfigurationPlatforms) = postSolution
		{472AD58E-B747-9140-A693-28CAAD40A9C4}.Debug|Any CPU.ActiveCfg = Debug|Any CPU
		{472AD58E-B747-9140-A693-28CAAD40A9C4}.Debug|Any CPU.Build.0 = Debug|Any CPU
		{472AD58E-B747-9140-A693-28CAAD40A9C4}.Release|Any CPU.ActiveCfg = Release|Any CPU
		{472AD58E-B747-9140-A693-28CAAD40A9C4}.Release|Any CPU.Build.0 = Release|Any CPU
		{4F9F06E0-B874-899F-9B1B-816D35DC7A7C}.Debug|Any CPU.ActiveCfg = Debug|Any CPU
		{4F9F06E0-B874-899F-9B1B-816D35DC7A7C}.Debug|Any CPU.Build.0 = Debug|Any CPU
		{4F9F06E0-B874-899F-9B1B-816D35DC7A7C}.Release|Any CPU.ActiveCfg = Release|Any CPU
		{4F9F06E0-B874-899F-9B1B-816D35DC7A7C}.Release|Any CPU.Build.0 = Release|Any CPU
	EndGlobalSection
	GlobalSection(SolutionProperties) = preSolution
		HideSolutionNode = FALSE
	EndGlobalSection
																																																						GlobalSection(MonoDevelopProperties) = preSolution
		StartupItem = Assembly-CSharp.csproj
		Policies = $0
		$0.TextStylePolicy = $1
		$1.inheritsSet = null
		$1.scope = text/x-csharp
		$0.CSharpFormattingPolicy = $2
		$2.inheritsSet = Mono
		$2.inheritsScope = text/x-csharp
		$2.scope = text/x-csharp
		$0.TextStylePolicy = $3
		$3.FileWidth = 120
		$3.TabWidth = 4
		$3.IndentWidth = 4
		$3.EolMarker = Unix
		$3.inheritsSet = Mono
		$3.inheritsScope = text/plain
		$3.scope = text/plain
	EndGlobalSection

EndGlobal
